
Microsoft Visual Studio Solution File, Format Version 12.00
# Visual Studio 15
VisualStudioVersion = 15.0.26730.15
MinimumVisualStudioVersion = 10.0.40219.1
Project("{9A19103F-16F7-4668-BE54-9A1E7A4F7556}") = "WeihanLi.EntityFramework.DbDescriptionHelper", "WeihanLi.EntityFramework.DbDescriptionHelper\WeihanLi.EntityFramework.DbDescriptionHelper.csproj", "{D6CBDD90-D2D6-4182-8447-4BF0503BFD3B}"
EndProject
Global
	GlobalSection(SolutionConfigurationPlatforms) = preSolution
		Debug|Any CPU = Debug|Any CPU
		Release|Any CPU = Release|Any CPU
	EndGlobalSection
	GlobalSection(ProjectConfigurationPlatforms) = postSolution
		{D6CBDD90-D2D6-4182-8447-4BF0503BFD3B}.Debug|Any CPU.ActiveCfg = Debug|Any CPU
		{D6CBDD90-D2D6-4182-8447-4BF0503BFD3B}.Debug|Any CPU.Build.0 = Debug|Any CPU
		{D6CBDD90-D2D6-4182-8447-4BF0503BFD3B}.Release|Any CPU.ActiveCfg = Release|Any CPU
		{D6CBDD90-D2D6-4182-8447-4BF0503BFD3B}.Release|Any CPU.Build.0 = Release|Any CPU
	EndGlobalSection
	GlobalSection(SolutionProperties) = preSolution
		HideSolutionNode = FALSE
	EndGlobalSection
	GlobalSection(ExtensibilityGlobals) = postSolution
		SolutionGuid = {2E48B5B8-4E4A-49CF-97FC-C47CCB7A35F2}
	EndGlobalSection
EndGlobal
